{
  "name": "wp5_up_plugin",
  "version": "1.0.0",
  "lockfileVersion": 1,
  "requires": true,
  "dependencies": {
    "pify": {
      "version": "3.0.0",
      "resolved": "https://registry.npm.taobao.org/pify/download/pify-3.0.0.tgz",
      "integrity": "sha1-5aSs0sEB/fPZpNB/DbxNtJ3SgXY=",
      "dev": true
    },
    "tapable": {
      "version": "2.2.0",
      "resolved": "https://registry.npm.taobao.org/tapable/download/tapable-2.2.0.tgz?cache=0&sync_timestamp=1607088855476&other_urls=https%3A%2F%2Fregistry.npm.taobao.org%2Ftapable%2Fdownload%2Ftapable-2.2.0.tgz",
      "integrity": "sha1-XDc9KB2cZyhIIT0OA30cQWWrQms=",
      "dev": true
    },
    "tappable": {
      "version": "1.1.0",
      "resolved": "https://registry.npm.taobao.org/tappable/download/tappable-1.1.0.tgz",
      "integrity": "sha1-Uhdw3qfcRxXUjdtMRxBxr+4BICU=",
      "dev": true,
      "requires": {
        "pify": "^3.0.0",
        "tapable": "^0.2.6"
      },
      "dependencies": {
        "tapable": {
          "version": "0.2.9",
          "resolved": "https://registry.npm.taobao.org/tapable/download/tapable-0.2.9.tgz?cache=0&sync_timestamp=1607088855476&other_urls=https%3A%2F%2Fregistry.npm.taobao.org%2Ftapable%2Fdownload%2Ftapable-0.2.9.tgz",
          "integrity": "sha1-ry2LvJsE907hevK02QSPgHrNGKg=",
          "dev": true
        }
      }
    }
  }
}
